
Microsoft Visual Studio Solution File, Format Version 12.00
Project("{FAE04EC0-301F-11D3-BF4B-00C04F79EFBC}") = "Horizon.Api", "src\Horizon.Api\Horizon.Api.csproj", "{108CC060-D5F4-494B-B7B6-5EE1C0DEC258}"
EndProject
Project("{2150E333-8FDC-42A3-9474-1A3956D46DE8}") = "src", "src", "{3C30D2B1-1023-4D72-817D-9F8174CECBCE}"
EndProject
Project("{FAE04EC0-301F-11D3-BF4B-00C04F79EFBC}") = "Horizon.Application", "src\Horizon.Application\Horizon.Application.csproj", "{AC8761E9-BA67-4461-A4A8-08169DCEB0D7}"
EndProject
Project("{FAE04EC0-301F-11D3-BF4B-00C04F79EFBC}") = "Horizon.Domain", "src\Horizon.Domain\Horizon.Domain.csproj", "{B0A0BEE5-DD66-44B1-8529-2D23989EE294}"
EndProject
Project("{FAE04EC0-301F-11D3-BF4B-00C04F79EFBC}") = "Horizon.Infrastructure", "src\Horizon.Infrastructure\Horizon.Infrastructure.csproj", "{60B5E996-B0CC-4D15-9B19-2AE4DE1AC0DB}"
EndProject
Project("{2150E333-8FDC-42A3-9474-1A3956D46DE8}") = "solution items", "solution items", "{852CAA2A-9AEF-4E60-AFDB-13B73B7B6C06}"
	ProjectSection(SolutionItems) = preProject
		Directory.Build.props = Directory.Build.props
		Directory.Packages.props = Directory.Packages.props
		.editorconfig = .editorconfig
	EndProjectSection
EndProject
Project("{2150E333-8FDC-42A3-9474-1A3956D46DE8}") = "compose", "compose", "{F79217E6-C9C6-4E53-93C4-0E31EB4BBF2C}"
	ProjectSection(SolutionItems) = preProject
		compose\docker-compose.yml = compose\docker-compose.yml
	EndProjectSection
EndProject
Global
	GlobalSection(SolutionConfigurationPlatforms) = preSolution
		Debug|Any CPU = Debug|Any CPU
		Release|Any CPU = Release|Any CPU
	EndGlobalSection
	GlobalSection(ProjectConfigurationPlatforms) = postSolution
		{108CC060-D5F4-494B-B7B6-5EE1C0DEC258}.Debug|Any CPU.ActiveCfg = Debug|Any CPU
		{108CC060-D5F4-494B-B7B6-5EE1C0DEC258}.Debug|Any CPU.Build.0 = Debug|Any CPU
		{108CC060-D5F4-494B-B7B6-5EE1C0DEC258}.Release|Any CPU.ActiveCfg = Release|Any CPU
		{108CC060-D5F4-494B-B7B6-5EE1C0DEC258}.Release|Any CPU.Build.0 = Release|Any CPU
		{AC8761E9-BA67-4461-A4A8-08169DCEB0D7}.Debug|Any CPU.ActiveCfg = Debug|Any CPU
		{AC8761E9-BA67-4461-A4A8-08169DCEB0D7}.Debug|Any CPU.Build.0 = Debug|Any CPU
		{AC8761E9-BA67-4461-A4A8-08169DCEB0D7}.Release|Any CPU.ActiveCfg = Release|Any CPU
		{AC8761E9-BA67-4461-A4A8-08169DCEB0D7}.Release|Any CPU.Build.0 = Release|Any CPU
		{B0A0BEE5-DD66-44B1-8529-2D23989EE294}.Debug|Any CPU.ActiveCfg = Debug|Any CPU
		{B0A0BEE5-DD66-44B1-8529-2D23989EE294}.Debug|Any CPU.Build.0 = Debug|Any CPU
		{B0A0BEE5-DD66-44B1-8529-2D23989EE294}.Release|Any CPU.ActiveCfg = Release|Any CPU
		{B0A0BEE5-DD66-44B1-8529-2D23989EE294}.Release|Any CPU.Build.0 = Release|Any CPU
		{60B5E996-B0CC-4D15-9B19-2AE4DE1AC0DB}.Debug|Any CPU.ActiveCfg = Debug|Any CPU
		{60B5E996-B0CC-4D15-9B19-2AE4DE1AC0DB}.Debug|Any CPU.Build.0 = Debug|Any CPU
		{60B5E996-B0CC-4D15-9B19-2AE4DE1AC0DB}.Release|Any CPU.ActiveCfg = Release|Any CPU
		{60B5E996-B0CC-4D15-9B19-2AE4DE1AC0DB}.Release|Any CPU.Build.0 = Release|Any CPU
	EndGlobalSection
	GlobalSection(NestedProjects) = preSolution
		{108CC060-D5F4-494B-B7B6-5EE1C0DEC258} = {3C30D2B1-1023-4D72-817D-9F8174CECBCE}
		{AC8761E9-BA67-4461-A4A8-08169DCEB0D7} = {3C30D2B1-1023-4D72-817D-9F8174CECBCE}
		{B0A0BEE5-DD66-44B1-8529-2D23989EE294} = {3C30D2B1-1023-4D72-817D-9F8174CECBCE}
		{60B5E996-B0CC-4D15-9B19-2AE4DE1AC0DB} = {3C30D2B1-1023-4D72-817D-9F8174CECBCE}
	EndGlobalSection
EndGlobal
